
Microsoft Visual Studio Solution File, Format Version 12.00
Project("{FAE04EC0-301F-11D3-BF4B-00C04F79EFBC}") = "AdventOfCode.2022.Day1", "2022\AdventOfCode.2022.Day1\AdventOfCode.2022.Day1.csproj", "{4C72FE40-A62D-4114-A8C6-41CAA2C2965F}"
EndProject
Project("{2150E333-8FDC-42A3-9474-1A3956D46DE8}") = "2022", "2022", "{B8159780-B8F8-4865-83DE-E3EBBA40DDF4}"
EndProject
Project("{FAE04EC0-301F-11D3-BF4B-00C04F79EFBC}") = "AdventOfCode.2022.Day2", "2022\AdventOfCode.2022.Day2\AdventOfCode.2022.Day2.csproj", "{C9CA4EBE-11EB-4C34-AEE4-99CFD6E1E082}"
EndProject
Project("{FAE04EC0-301F-11D3-BF4B-00C04F79EFBC}") = "AdventOfCode.2022.Day2.Tests", "2022\AdventOfCode.2022.Day2.Tests\AdventOfCode.2022.Day2.Tests.csproj", "{5A984066-2577-4F24-9C05-06EBA85B9A19}"
EndProject
Project("{2150E333-8FDC-42A3-9474-1A3956D46DE8}") = "2021", "2021", "{7064B109-72C3-471E-84FD-64C5AA807B0A}"
EndProject
Project("{FAE04EC0-301F-11D3-BF4B-00C04F79EFBC}") = "AdventOfCode.2021.Day1", "2021\AdventOfCode.2021.Day1\AdventOfCode.2021.Day1.csproj", "{E6C346CD-2044-4A73-B0FE-A23B990BAAEB}"
EndProject
Project("{FAE04EC0-301F-11D3-BF4B-00C04F79EFBC}") = "AdventOfCode.2021.Day1.Tests", "2021\AdventOfCode.2021.Day1.Tests\AdventOfCode.2021.Day1.Tests.csproj", "{B80F755A-01E2-4422-AA40-14B8BB0D7F35}"
EndProject
Project("{FAE04EC0-301F-11D3-BF4B-00C04F79EFBC}") = "AdventOfCode.2021.Day2", "2021\AdventOfCode.2021.Day2\AdventOfCode.2021.Day2.csproj", "{A0A06E85-D2C6-4EA0-AFB8-85D848674A8E}"
EndProject
Project("{FAE04EC0-301F-11D3-BF4B-00C04F79EFBC}") = "AdventOfCode.2021.Day2.Tests", "2021\AdventOfCode.2021.Day2.Tests\AdventOfCode.2021.Day2.Tests.csproj", "{142A6D91-56AB-4C18-9C6C-05AA4F0AFD36}"
EndProject
Project("{FAE04EC0-301F-11D3-BF4B-00C04F79EFBC}") = "AdventOfCode.2022.Day3", "2022\AdventOfCode.2022.Day3\AdventOfCode.2022.Day3.csproj", "{AF8E5C15-C7C5-44F2-86BE-8A83A2ACA702}"
EndProject
Project("{FAE04EC0-301F-11D3-BF4B-00C04F79EFBC}") = "AdventOfCode.2022.Day3.Tests", "2022\AdventOfCode.2022.Day3.Tests\AdventOfCode.2022.Day3.Tests.csproj", "{64CDE85D-C1E6-494A-AD6E-7E3705AB436F}"
EndProject
Project("{2150E333-8FDC-42A3-9474-1A3956D46DE8}") = "Solution Items", "Solution Items", "{86811C00-DC32-4B94-A43F-9AF825091B5E}"
	ProjectSection(SolutionItems) = preProject
		.gitignore = .gitignore
		generate-test-coverage-report.bat = generate-test-coverage-report.bat
		generate-test-coverage-report.sh = generate-test-coverage-report.sh
		README.md = README.md
		.github\workflows\dotnet.yml = .github\workflows\dotnet.yml
	EndProjectSection
EndProject
Project("{FAE04EC0-301F-11D3-BF4B-00C04F79EFBC}") = "AdventOfCode.2022.Day4", "2022\AdventOfCode.2022.Day4\AdventOfCode.2022.Day4.csproj", "{2541A94B-E1ED-4027-9539-4DB9381B4F43}"
EndProject
Project("{FAE04EC0-301F-11D3-BF4B-00C04F79EFBC}") = "AdventOfCode.2022.Day4.Tests", "2022\AdventOfCode.2022.Day4.Tests\AdventOfCode.2022.Day4.Tests.csproj", "{624AD3AB-7657-4985-93AB-0511E099C8DC}"
EndProject
Project("{FAE04EC0-301F-11D3-BF4B-00C04F79EFBC}") = "AdventOfCode.2022.Day5", "2022\AdventOfCode.2022.Day5\AdventOfCode.2022.Day5.csproj", "{B6EB79ED-E11F-4C0B-AE41-D09E0EA506BA}"
EndProject
Project("{FAE04EC0-301F-11D3-BF4B-00C04F79EFBC}") = "AdventOfCode.2022.Day5.Tests", "2022\AdventOfCode.2022.Day5.Tests\AdventOfCode.2022.Day5.Tests.csproj", "{1730A0FD-48A6-48E1-9755-BE061350587A}"
EndProject
Project("{FAE04EC0-301F-11D3-BF4B-00C04F79EFBC}") = "AdventOfCode.2022.Day6", "2022\AdventOfCode.2022.Day6\AdventOfCode.2022.Day6.csproj", "{7334C9E0-0FC1-4FCE-8000-7703F93A0201}"
EndProject
Project("{FAE04EC0-301F-11D3-BF4B-00C04F79EFBC}") = "AdventOfCode.2022.Day1.Tests", "2022\AdventOfCode.2022.Day1.Tests\AdventOfCode.2022.Day1.Tests.csproj", "{37AA88E0-BF62-4D18-BB7D-DC0F800E6A7D}"
EndProject
Project("{FAE04EC0-301F-11D3-BF4B-00C04F79EFBC}") = "AdventOfCode.2022.Day6.Tests", "2022\AdventOfCode.2022.Day6.Tests\AdventOfCode.2022.Day6.Tests.csproj", "{4158F4C7-E593-4BC4-861B-01F8F6AA0AE7}"
EndProject
Project("{FAE04EC0-301F-11D3-BF4B-00C04F79EFBC}") = "AdventOfCode.2022.Day7", "2022\AdventOfCode.2022.Day7\AdventOfCode.2022.Day7.csproj", "{F4BC0DC9-520B-4DD9-91DF-33901B9433A9}"
EndProject
Project("{FAE04EC0-301F-11D3-BF4B-00C04F79EFBC}") = "AdventOfCode.2022.Day7.Tests", "2022\AdventOfCode.2022.Day7.Tests\AdventOfCode.2022.Day7.Tests.csproj", "{050CD500-CEC1-427E-A693-542C0F55999D}"
EndProject
Project("{FAE04EC0-301F-11D3-BF4B-00C04F79EFBC}") = "AdventOfCode.2022.Day8", "2022\AdventOfCode.2022.Day8\AdventOfCode.2022.Day8.csproj", "{50DC6D0C-1B02-4E18-8ABC-F9FDEB821549}"
EndProject
Project("{FAE04EC0-301F-11D3-BF4B-00C04F79EFBC}") = "AdventOfCode.2022.Day8.Tests", "2022\AdventOfCode.2022.Day8.Tests\AdventOfCode.2022.Day8.Tests.csproj", "{11A8FEC8-AD48-40E0-AF2F-B30253C77665}"
EndProject
Project("{FAE04EC0-301F-11D3-BF4B-00C04F79EFBC}") = "AdventOfCode.2022.Day9", "2022\AdventOfCode.2022.Day9\AdventOfCode.2022.Day9.csproj", "{F14A2EA2-FC83-4C84-95EE-D3657062794D}"
EndProject
Project("{FAE04EC0-301F-11D3-BF4B-00C04F79EFBC}") = "AdventOfCode.2022.Day9.Tests", "2022\AdventOfCode.2022.Day9.Tests\AdventOfCode.2022.Day9.Tests.csproj", "{D951B0CC-EE94-448B-8025-68C35109E884}"
EndProject
Project("{FAE04EC0-301F-11D3-BF4B-00C04F79EFBC}") = "AdventOfCode.2022.Day10", "2022\AdventOfCode.2022.Day10\AdventOfCode.2022.Day10.csproj", "{73840F3F-566F-4E71-8957-6BC2D9B7FCAE}"
EndProject
Project("{FAE04EC0-301F-11D3-BF4B-00C04F79EFBC}") = "AdventOfCode.2022.Day10.Tests", "2022\AdventOfCode.2022.Day10.Tests\AdventOfCode.2022.Day10.Tests.csproj", "{2702BCE0-B5A4-4EAF-B477-B0069A4A529B}"
EndProject
Project("{FAE04EC0-301F-11D3-BF4B-00C04F79EFBC}") = "AdventOfCode.2022.Day11", "2022\AdventOfCode.2022.Day11\AdventOfCode.2022.Day11.csproj", "{ADC9F7B8-96B6-4D97-8C72-464620E56790}"
EndProject
Project("{FAE04EC0-301F-11D3-BF4B-00C04F79EFBC}") = "AdventOfCode.2022.Day11.Tests", "2022\AdventOfCode.2022.Day11.Tests\AdventOfCode.2022.Day11.Tests.csproj", "{EFBB3888-AA6E-4A1D-8105-034C053ADA32}"
EndProject
Project("{FAE04EC0-301F-11D3-BF4B-00C04F79EFBC}") = "AdventOfCode.2022.Day12", "2022\AdventOfCode.2022.Day12\AdventOfCode.2022.Day12.csproj", "{F19425A2-75F5-467E-A5A4-30B9F57E9029}"
EndProject
Project("{FAE04EC0-301F-11D3-BF4B-00C04F79EFBC}") = "AdventOfCode.2022.Day12.Tests", "2022\AdventOfCode.2022.Day12.Tests\AdventOfCode.2022.Day12.Tests.csproj", "{667BAA37-F369-451C-8D2E-E6D1537DBD88}"
EndProject
Project("{FAE04EC0-301F-11D3-BF4B-00C04F79EFBC}") = "AdventOfCode.2022.Day13", "2022\AdventOfCode.2022.Day13\AdventOfCode.2022.Day13.csproj", "{584BB28E-B14D-44FD-ACCD-0255DF9D3A63}"
EndProject
Project("{FAE04EC0-301F-11D3-BF4B-00C04F79EFBC}") = "AdventOfCode.2022.Day13.Tests", "2022\AdventOfCode.2022.Day13.Tests\AdventOfCode.2022.Day13.Tests.csproj", "{FB4415F0-7930-489A-8E2A-77A93DDE5EEE}"
EndProject
Project("{FAE04EC0-301F-11D3-BF4B-00C04F79EFBC}") = "AdventOfCode.2022.Day14", "2022\AdventOfCode.2022.Day14\AdventOfCode.2022.Day14.csproj", "{8BC31EB7-5D12-4571-A618-15905DDC0EBE}"
EndProject
Project("{FAE04EC0-301F-11D3-BF4B-00C04F79EFBC}") = "AdventOfCode.2022.Day14.Tests", "2022\AdventOfCode.2022.Day14.Tests\AdventOfCode.2022.Day14.Tests.csproj", "{58C4186F-CE4E-4807-B4FA-4BC058966B2E}"
EndProject
Project("{FAE04EC0-301F-11D3-BF4B-00C04F79EFBC}") = "AdventOfCode.2022.Day12.App", "2022\AdventOfCode.2022.Day12.App\AdventOfCode.2022.Day12.App.csproj", "{8B8312AE-440F-42BD-9242-1167EAF764A5}"
EndProject
Project("{FAE04EC0-301F-11D3-BF4B-00C04F79EFBC}") = "AdventOfCode.2022.Day12.Common", "2022\AdventOfCode.2022.Day12.Common\AdventOfCode.2022.Day12.Common.csproj", "{13AE1301-F6D3-41E2-9621-796D2BDD0C10}"
EndProject
Project("{FAE04EC0-301F-11D3-BF4B-00C04F79EFBC}") = "AdventOfCode.2022.Day12.Avalonia", "2022\AdventOfCode.2022.Day12.Avalonia\AdventOfCode.2022.Day12.Avalonia.csproj", "{D6310377-C87F-4065-A5AD-3EA83B010F6F}"
EndProject
Project("{FAE04EC0-301F-11D3-BF4B-00C04F79EFBC}") = "AdventOfCode.2023.Day1", "2023\AdventOfCode.2023.Day1\AdventOfCode.2023.Day1.csproj", "{642FB552-026D-406A-96B7-E5D24B47051D}"
EndProject
Project("{2150E333-8FDC-42A3-9474-1A3956D46DE8}") = "2023", "2023", "{CBB8DEC5-185B-42FC-B26D-831ED4ACC05F}"
EndProject
Project("{FAE04EC0-301F-11D3-BF4B-00C04F79EFBC}") = "AdventOfCode.2023.Day1.Tests", "2023\AdventOfCode.2023.Day1.Tests\AdventOfCode.2023.Day1.Tests.csproj", "{4F9AB69A-920C-41AE-A21B-093BB921830E}"
EndProject
Project("{2150E333-8FDC-42A3-9474-1A3956D46DE8}") = "Common", "Common", "{B951CD37-C0D8-4214-96B4-74B318F1C6AA}"
EndProject
Project("{FAE04EC0-301F-11D3-BF4B-00C04F79EFBC}") = "Algorithms", "Common\Algorithms\Algorithms.csproj", "{1570B97D-624C-4ADE-BB2C-8B8ECA490EF5}"
EndProject
Project("{FAE04EC0-301F-11D3-BF4B-00C04F79EFBC}") = "Algorithms.Tests", "Common\Algorithms.Tests\Algorithms.Tests.csproj", "{92FCF7E0-7923-43D1-9B99-00DAC20ADF05}"
EndProject
Project("{FAE04EC0-301F-11D3-BF4B-00C04F79EFBC}") = "AdventOfCode.2023.Day2", "2023\AdventOfCode.2023.Day2\AdventOfCode.2023.Day2.csproj", "{14F94CA2-A561-459A-9F32-6A8615ED79E7}"
EndProject
Project("{FAE04EC0-301F-11D3-BF4B-00C04F79EFBC}") = "AdventOfCode.2023.Day2.Tests", "2023\AdventOfCode.2023.Day2.Tests\AdventOfCode.2023.Day2.Tests.csproj", "{19DB720D-3DF7-4596-984E-19120F869F3F}"
EndProject
Project("{FAE04EC0-301F-11D3-BF4B-00C04F79EFBC}") = "AdventOfCode.2023.Day3", "2023\AdventOfCode.2023.Day3\AdventOfCode.2023.Day3.csproj", "{5F45E88E-264F-4AA7-9F7F-71564D29C427}"
EndProject
Project("{FAE04EC0-301F-11D3-BF4B-00C04F79EFBC}") = "AdventOfCode.2023.Day3.Tests", "2023\AdventOfCode.2023.Day3.Tests\AdventOfCode.2023.Day3.Tests.csproj", "{AAA41F77-0284-4B7F-8BF9-743B2B78BCF8}"
EndProject
Project("{FAE04EC0-301F-11D3-BF4B-00C04F79EFBC}") = "AdventOfCode.2023.Day4", "2023\AdventOfCode.2023.Day4\AdventOfCode.2023.Day4.csproj", "{FA92B969-2CB4-4ABB-8B0A-D4575779B5BD}"
EndProject
Project("{FAE04EC0-301F-11D3-BF4B-00C04F79EFBC}") = "AdventOfCode.2023.Day4.Tests", "2023\AdventOfCode.2023.Day4.Tests\AdventOfCode.2023.Day4.Tests.csproj", "{938099C8-6DD6-4D1D-A62B-CC25925928C4}"
EndProject
Project("{FAE04EC0-301F-11D3-BF4B-00C04F79EFBC}") = "AdventOfCode.2023.Day5", "2023\AdventOfCode.2023.Day5\AdventOfCode.2023.Day5.csproj", "{B230EA71-EAEA-4C9D-9C0A-A9FC2E079AC0}"
EndProject
Project("{FAE04EC0-301F-11D3-BF4B-00C04F79EFBC}") = "AdventOfCode.2023.Day5.Tests", "2023\AdventOfCode.2023.Day5.Tests\AdventOfCode.2023.Day5.Tests.csproj", "{419DB769-8EC6-461C-A60D-29100D69664F}"
EndProject
Project("{FAE04EC0-301F-11D3-BF4B-00C04F79EFBC}") = "AdventOfCode.2023.Day6", "2023\AdventOfCode.2023.Day6\AdventOfCode.2023.Day6.csproj", "{42A4BCEB-CA96-46AE-9BCF-A5774ACF93BB}"
EndProject
Project("{FAE04EC0-301F-11D3-BF4B-00C04F79EFBC}") = "AdventOfCode.2023.Day6.Tests", "2023\AdventOfCode.2023.Day6.Tests\AdventOfCode.2023.Day6.Tests.csproj", "{71D67FDA-8B40-4330-8B53-C07D534A8312}"
EndProject
Project("{FAE04EC0-301F-11D3-BF4B-00C04F79EFBC}") = "Grid", "Common\Grid\Grid.csproj", "{FD116221-1A1A-469D-9B6D-D07F945E70D7}"
EndProject
Project("{FAE04EC0-301F-11D3-BF4B-00C04F79EFBC}") = "AdventOfCode.2023.Day7", "2023\AdventOfCode.2023.Day7\AdventOfCode.2023.Day7.csproj", "{1B4F65E4-DCC1-4E24-9170-7E1399E2F3E7}"
EndProject
Project("{FAE04EC0-301F-11D3-BF4B-00C04F79EFBC}") = "AdventOfCode.2023.Day7.Tests", "2023\AdventOfCode.2023.Day7.Tests\AdventOfCode.2023.Day7.Tests.csproj", "{AE22939D-1BA1-4D29-AD6B-66B7199CD0BC}"
EndProject
Project("{FAE04EC0-301F-11D3-BF4B-00C04F79EFBC}") = "AdventOfCode.2023.Day8", "2023\AdventOfCode.2023.Day8\AdventOfCode.2023.Day8.csproj", "{61A24931-CF00-4D30-933B-59CB18990763}"
EndProject
Project("{FAE04EC0-301F-11D3-BF4B-00C04F79EFBC}") = "AdventOfCode.2023.Day8.Tests", "2023\AdventOfCode.2023.Day8.Tests\AdventOfCode.2023.Day8.Tests.csproj", "{A24DE2F6-38DD-4672-AD57-AA3A5AFECCF7}"
EndProject
Project("{FAE04EC0-301F-11D3-BF4B-00C04F79EFBC}") = "AdventOfCode.2023.Day9", "2023\AdventOfCode.2023.Day9\AdventOfCode.2023.Day9.csproj", "{CF1F1014-AE9E-4503-9BBA-7C3FB6ABBBF5}"
EndProject
Project("{FAE04EC0-301F-11D3-BF4B-00C04F79EFBC}") = "AdventOfCode.2023.Day9.Tests", "2023\AdventOfCode.2023.Day9.Tests\AdventOfCode.2023.Day9.Tests.csproj", "{E387CE72-2831-45FD-BE14-853EED12FCE2}"
EndProject
Project("{FAE04EC0-301F-11D3-BF4B-00C04F79EFBC}") = "AdventOfCode.2023.Day10", "2023\AdventOfCode.2023.Day10\AdventOfCode.2023.Day10.csproj", "{0F2A4C9E-CB1A-45D9-A550-2EF56E6A1A65}"
EndProject
Project("{FAE04EC0-301F-11D3-BF4B-00C04F79EFBC}") = "AdventOfCode.2023.Day10.Tests", "2023\AdventOfCode.2023.Day10.Tests\AdventOfCode.2023.Day10.Tests.csproj", "{E5D58BB3-4DA0-439A-9739-41894AF66B0C}"
EndProject
Project("{FAE04EC0-301F-11D3-BF4B-00C04F79EFBC}") = "AdventOfCode.2023.Day11", "2023\AdventOfCode.2023.Day11\AdventOfCode.2023.Day11.csproj", "{CD0778A2-CCFE-47E0-86D1-151B4AC780BF}"
EndProject
Project("{FAE04EC0-301F-11D3-BF4B-00C04F79EFBC}") = "AdventOfCode.2023.Day11.Tests", "2023\AdventOfCode.2023.Day11.Tests\AdventOfCode.2023.Day11.Tests.csproj", "{7B37D014-9B98-4189-95BE-D8F1323DDFF8}"
EndProject
Project("{FAE04EC0-301F-11D3-BF4B-00C04F79EFBC}") = "AdventOfCode.2023.Day12", "2023\AdventOfCode.2023.Day12\AdventOfCode.2023.Day12.csproj", "{89242825-5AC5-44BE-9E27-A2642545FF34}"
EndProject
Project("{FAE04EC0-301F-11D3-BF4B-00C04F79EFBC}") = "AdventOfCode.2023.Day12.Tests", "2023\AdventOfCode.2023.Day12.Tests\AdventOfCode.2023.Day12.Tests.csproj", "{017ED924-7301-4FE4-BDA9-454FA442C9A6}"
EndProject
Project("{FAE04EC0-301F-11D3-BF4B-00C04F79EFBC}") = "AdventOfCode.2023.Day13", "2023\AdventOfCode.2023.Day13\AdventOfCode.2023.Day13.csproj", "{5018D306-4FAC-4726-9DCE-1E9A4148B997}"
EndProject
Project("{FAE04EC0-301F-11D3-BF4B-00C04F79EFBC}") = "AdventOfCode.2023.Day13.Tests", "2023\AdventOfCode.2023.Day13.Tests\AdventOfCode.2023.Day13.Tests.csproj", "{3EC04BA9-B453-4212-BC69-6C35F7F87BDA}"
EndProject
Project("{FAE04EC0-301F-11D3-BF4B-00C04F79EFBC}") = "AdventOfCode.2023.Day14", "2023\AdventOfCode.2023.Day14\AdventOfCode.2023.Day14.csproj", "{2694E2D9-52DD-4823-BB8C-83BDDE178210}"
EndProject
Project("{FAE04EC0-301F-11D3-BF4B-00C04F79EFBC}") = "AdventOfCode.2023.Day14.Tests", "2023\AdventOfCode.2023.Day14.Tests\AdventOfCode.2023.Day14.Tests.csproj", "{DD3D7536-D07F-447B-A057-7F5A8A60DF2C}"
EndProject
Project("{FAE04EC0-301F-11D3-BF4B-00C04F79EFBC}") = "AdventOfCode.2023.Day15", "2023\AdventOfCode.2023.Day15\AdventOfCode.2023.Day15.csproj", "{065E78F1-AC38-4BF8-A2AD-1EA77C3C2A26}"
EndProject
Project("{FAE04EC0-301F-11D3-BF4B-00C04F79EFBC}") = "AdventOfCode.2023.Day15.Tests", "2023\AdventOfCode.2023.Day15.Tests\AdventOfCode.2023.Day15.Tests.csproj", "{4CBBB3C7-561C-4FBA-B48B-50895CFF39C5}"
EndProject
Project("{FAE04EC0-301F-11D3-BF4B-00C04F79EFBC}") = "AdventOfCode.2023.Day16", "2023\AdventOfCode.2023.Day16\AdventOfCode.2023.Day16.csproj", "{F588FDFC-F35B-48E8-84A1-E19F0D6EA3D6}"
EndProject
Project("{FAE04EC0-301F-11D3-BF4B-00C04F79EFBC}") = "AdventOfCode.2023.Day16.Tests", "2023\AdventOfCode.2023.Day16.Tests\AdventOfCode.2023.Day16.Tests.csproj", "{14A42065-D5F6-4945-BF40-8E2047531DF5}"
EndProject
Project("{FAE04EC0-301F-11D3-BF4B-00C04F79EFBC}") = "AdventOfCode.2023.Day17", "2023\AdventOfCode.2023.Day17\AdventOfCode.2023.Day17.csproj", "{76F5513F-AF10-4775-BCEA-749A14127476}"
EndProject
Project("{FAE04EC0-301F-11D3-BF4B-00C04F79EFBC}") = "AdventOfCode.2023.Day17.Tests", "2023\AdventOfCode.2023.Day17.Tests\AdventOfCode.2023.Day17.Tests.csproj", "{132AFC58-88D6-4160-AEC7-FE6FD650D992}"
EndProject
Project("{FAE04EC0-301F-11D3-BF4B-00C04F79EFBC}") = "AdventOfCode.2023.Day18", "2023\AdventOfCode.2023.Day18\AdventOfCode.2023.Day18.csproj", "{F1B4185B-528A-461A-B91E-09ACD0B48A25}"
EndProject
Project("{FAE04EC0-301F-11D3-BF4B-00C04F79EFBC}") = "AdventOfCode.2023.Day18.Tests", "2023\AdventOfCode.2023.Day18.Tests\AdventOfCode.2023.Day18.Tests.csproj", "{68DD7671-DC48-4D5A-9E9D-8F1F47156286}"
EndProject
Project("{FAE04EC0-301F-11D3-BF4B-00C04F79EFBC}") = "AdventOfCode.2023.Day19", "2023\AdventOfCode.2023.Day19\AdventOfCode.2023.Day19.csproj", "{CAF063BD-C00D-4291-B123-7D7FFA04AB30}"
EndProject
Project("{FAE04EC0-301F-11D3-BF4B-00C04F79EFBC}") = "AdventOfCode.2023.Day19.Tests", "2023\AdventOfCode.2023.Day19.Tests\AdventOfCode.2023.Day19.Tests.csproj", "{93CF34BF-A13D-4ABE-8BA6-06E155CB1F7F}"
EndProject
Project("{FAE04EC0-301F-11D3-BF4B-00C04F79EFBC}") = "AdventOfCode.2023.Day20", "2023\AdventOfCode.2023.Day20\AdventOfCode.2023.Day20.csproj", "{F74E65B9-92C1-4808-ABB6-520E7BCF3893}"
EndProject
Project("{FAE04EC0-301F-11D3-BF4B-00C04F79EFBC}") = "AdventOfCode.2023.Day20.Tests", "2023\AdventOfCode.2023.Day20.Tests\AdventOfCode.2023.Day20.Tests.csproj", "{A3A34181-7136-44C2-86D2-702EB0572F07}"
EndProject
Project("{FAE04EC0-301F-11D3-BF4B-00C04F79EFBC}") = "AdventOfCode.2023.Day21", "2023\AdventOfCode.2023.Day21\AdventOfCode.2023.Day21.csproj", "{15F95748-4740-4C87-8B14-90CC7FBBC172}"
EndProject
Project("{FAE04EC0-301F-11D3-BF4B-00C04F79EFBC}") = "AdventOfCode.2023.Day21.Tests", "2023\AdventOfCode.2023.Day21.Tests\AdventOfCode.2023.Day21.Tests.csproj", "{5F3FBBB9-7168-4B24-B3EE-CF5680F8F072}"
EndProject
Project("{FAE04EC0-301F-11D3-BF4B-00C04F79EFBC}") = "AdventOfCode.2023.Day22", "2023\AdventOfCode.2023.Day22\AdventOfCode.2023.Day22.csproj", "{1C5D638A-FEBC-4CE9-9AA0-855B1497E792}"
EndProject
Project("{FAE04EC0-301F-11D3-BF4B-00C04F79EFBC}") = "AdventOfCode.2023.Day22.Tests", "2023\AdventOfCode.2023.Day22.Tests\AdventOfCode.2023.Day22.Tests.csproj", "{36AC73E8-90CD-4E0B-ABF1-657CA84ACD50}"
EndProject
Project("{FAE04EC0-301F-11D3-BF4B-00C04F79EFBC}") = "AdventOfCode.2023.Day22.Unity.Common", "2023\AdventOfCode.2023.Day22.Unity\Assets\ClassLibrary\AdventOfCode.2023.Day22.Unity.Common\AdventOfCode.2023.Day22.Unity.Common.csproj", "{956148F9-6A75-48B5-BFF4-721E26878B78}"
EndProject
Global
	GlobalSection(SolutionConfigurationPlatforms) = preSolution
		Debug|Any CPU = Debug|Any CPU
		Release|Any CPU = Release|Any CPU
	EndGlobalSection
	GlobalSection(ProjectConfigurationPlatforms) = postSolution
		{4C72FE40-A62D-4114-A8C6-41CAA2C2965F}.Debug|Any CPU.ActiveCfg = Debug|Any CPU
		{4C72FE40-A62D-4114-A8C6-41CAA2C2965F}.Debug|Any CPU.Build.0 = Debug|Any CPU
		{4C72FE40-A62D-4114-A8C6-41CAA2C2965F}.Release|Any CPU.ActiveCfg = Release|Any CPU
		{4C72FE40-A62D-4114-A8C6-41CAA2C2965F}.Release|Any CPU.Build.0 = Release|Any CPU
		{C9CA4EBE-11EB-4C34-AEE4-99CFD6E1E082}.Debug|Any CPU.ActiveCfg = Debug|Any CPU
		{C9CA4EBE-11EB-4C34-AEE4-99CFD6E1E082}.Debug|Any CPU.Build.0 = Debug|Any CPU
		{C9CA4EBE-11EB-4C34-AEE4-99CFD6E1E082}.Release|Any CPU.ActiveCfg = Release|Any CPU
		{C9CA4EBE-11EB-4C34-AEE4-99CFD6E1E082}.Release|Any CPU.Build.0 = Release|Any CPU
		{5A984066-2577-4F24-9C05-06EBA85B9A19}.Debug|Any CPU.ActiveCfg = Debug|Any CPU
		{5A984066-2577-4F24-9C05-06EBA85B9A19}.Debug|Any CPU.Build.0 = Debug|Any CPU
		{5A984066-2577-4F24-9C05-06EBA85B9A19}.Release|Any CPU.ActiveCfg = Release|Any CPU
		{5A984066-2577-4F24-9C05-06EBA85B9A19}.Release|Any CPU.Build.0 = Release|Any CPU
		{E6C346CD-2044-4A73-B0FE-A23B990BAAEB}.Debug|Any CPU.ActiveCfg = Debug|Any CPU
		{E6C346CD-2044-4A73-B0FE-A23B990BAAEB}.Debug|Any CPU.Build.0 = Debug|Any CPU
		{E6C346CD-2044-4A73-B0FE-A23B990BAAEB}.Release|Any CPU.ActiveCfg = Release|Any CPU
		{E6C346CD-2044-4A73-B0FE-A23B990BAAEB}.Release|Any CPU.Build.0 = Release|Any CPU
		{B80F755A-01E2-4422-AA40-14B8BB0D7F35}.Debug|Any CPU.ActiveCfg = Debug|Any CPU
		{B80F755A-01E2-4422-AA40-14B8BB0D7F35}.Debug|Any CPU.Build.0 = Debug|Any CPU
		{B80F755A-01E2-4422-AA40-14B8BB0D7F35}.Release|Any CPU.ActiveCfg = Release|Any CPU
		{B80F755A-01E2-4422-AA40-14B8BB0D7F35}.Release|Any CPU.Build.0 = Release|Any CPU
		{A0A06E85-D2C6-4EA0-AFB8-85D848674A8E}.Debug|Any CPU.ActiveCfg = Debug|Any CPU
		{A0A06E85-D2C6-4EA0-AFB8-85D848674A8E}.Debug|Any CPU.Build.0 = Debug|Any CPU
		{A0A06E85-D2C6-4EA0-AFB8-85D848674A8E}.Release|Any CPU.ActiveCfg = Release|Any CPU
		{A0A06E85-D2C6-4EA0-AFB8-85D848674A8E}.Release|Any CPU.Build.0 = Release|Any CPU
		{142A6D91-56AB-4C18-9C6C-05AA4F0AFD36}.Debug|Any CPU.ActiveCfg = Debug|Any CPU
		{142A6D91-56AB-4C18-9C6C-05AA4F0AFD36}.Debug|Any CPU.Build.0 = Debug|Any CPU
		{142A6D91-56AB-4C18-9C6C-05AA4F0AFD36}.Release|Any CPU.ActiveCfg = Release|Any CPU
		{142A6D91-56AB-4C18-9C6C-05AA4F0AFD36}.Release|Any CPU.Build.0 = Release|Any CPU
		{AF8E5C15-C7C5-44F2-86BE-8A83A2ACA702}.Debug|Any CPU.ActiveCfg = Debug|Any CPU
		{AF8E5C15-C7C5-44F2-86BE-8A83A2ACA702}.Debug|Any CPU.Build.0 = Debug|Any CPU
		{AF8E5C15-C7C5-44F2-86BE-8A83A2ACA702}.Release|Any CPU.ActiveCfg = Release|Any CPU
		{AF8E5C15-C7C5-44F2-86BE-8A83A2ACA702}.Release|Any CPU.Build.0 = Release|Any CPU
		{64CDE85D-C1E6-494A-AD6E-7E3705AB436F}.Debug|Any CPU.ActiveCfg = Debug|Any CPU
		{64CDE85D-C1E6-494A-AD6E-7E3705AB436F}.Debug|Any CPU.Build.0 = Debug|Any CPU
		{64CDE85D-C1E6-494A-AD6E-7E3705AB436F}.Release|Any CPU.ActiveCfg = Release|Any CPU
		{64CDE85D-C1E6-494A-AD6E-7E3705AB436F}.Release|Any CPU.Build.0 = Release|Any CPU
		{2541A94B-E1ED-4027-9539-4DB9381B4F43}.Debug|Any CPU.ActiveCfg = Debug|Any CPU
		{2541A94B-E1ED-4027-9539-4DB9381B4F43}.Debug|Any CPU.Build.0 = Debug|Any CPU
		{2541A94B-E1ED-4027-9539-4DB9381B4F43}.Release|Any CPU.ActiveCfg = Release|Any CPU
		{2541A94B-E1ED-4027-9539-4DB9381B4F43}.Release|Any CPU.Build.0 = Release|Any CPU
		{624AD3AB-7657-4985-93AB-0511E099C8DC}.Debug|Any CPU.ActiveCfg = Debug|Any CPU
		{624AD3AB-7657-4985-93AB-0511E099C8DC}.Debug|Any CPU.Build.0 = Debug|Any CPU
		{624AD3AB-7657-4985-93AB-0511E099C8DC}.Release|Any CPU.ActiveCfg = Release|Any CPU
		{624AD3AB-7657-4985-93AB-0511E099C8DC}.Release|Any CPU.Build.0 = Release|Any CPU
		{B6EB79ED-E11F-4C0B-AE41-D09E0EA506BA}.Debug|Any CPU.ActiveCfg = Debug|Any CPU
		{B6EB79ED-E11F-4C0B-AE41-D09E0EA506BA}.Debug|Any CPU.Build.0 = Debug|Any CPU
		{B6EB79ED-E11F-4C0B-AE41-D09E0EA506BA}.Release|Any CPU.ActiveCfg = Release|Any CPU
		{B6EB79ED-E11F-4C0B-AE41-D09E0EA506BA}.Release|Any CPU.Build.0 = Release|Any CPU
		{1730A0FD-48A6-48E1-9755-BE061350587A}.Debug|Any CPU.ActiveCfg = Debug|Any CPU
		{1730A0FD-48A6-48E1-9755-BE061350587A}.Debug|Any CPU.Build.0 = Debug|Any CPU
		{1730A0FD-48A6-48E1-9755-BE061350587A}.Release|Any CPU.ActiveCfg = Release|Any CPU
		{1730A0FD-48A6-48E1-9755-BE061350587A}.Release|Any CPU.Build.0 = Release|Any CPU
		{7334C9E0-0FC1-4FCE-8000-7703F93A0201}.Debug|Any CPU.ActiveCfg = Debug|Any CPU
		{7334C9E0-0FC1-4FCE-8000-7703F93A0201}.Debug|Any CPU.Build.0 = Debug|Any CPU
		{7334C9E0-0FC1-4FCE-8000-7703F93A0201}.Release|Any CPU.ActiveCfg = Release|Any CPU
		{7334C9E0-0FC1-4FCE-8000-7703F93A0201}.Release|Any CPU.Build.0 = Release|Any CPU
		{37AA88E0-BF62-4D18-BB7D-DC0F800E6A7D}.Debug|Any CPU.ActiveCfg = Debug|Any CPU
		{37AA88E0-BF62-4D18-BB7D-DC0F800E6A7D}.Debug|Any CPU.Build.0 = Debug|Any CPU
		{37AA88E0-BF62-4D18-BB7D-DC0F800E6A7D}.Release|Any CPU.ActiveCfg = Release|Any CPU
		{37AA88E0-BF62-4D18-BB7D-DC0F800E6A7D}.Release|Any CPU.Build.0 = Release|Any CPU
		{4158F4C7-E593-4BC4-861B-01F8F6AA0AE7}.Debug|Any CPU.ActiveCfg = Debug|Any CPU
		{4158F4C7-E593-4BC4-861B-01F8F6AA0AE7}.Debug|Any CPU.Build.0 = Debug|Any CPU
		{4158F4C7-E593-4BC4-861B-01F8F6AA0AE7}.Release|Any CPU.ActiveCfg = Release|Any CPU
		{4158F4C7-E593-4BC4-861B-01F8F6AA0AE7}.Release|Any CPU.Build.0 = Release|Any CPU
		{F4BC0DC9-520B-4DD9-91DF-33901B9433A9}.Debug|Any CPU.ActiveCfg = Debug|Any CPU
		{F4BC0DC9-520B-4DD9-91DF-33901B9433A9}.Debug|Any CPU.Build.0 = Debug|Any CPU
		{F4BC0DC9-520B-4DD9-91DF-33901B9433A9}.Release|Any CPU.ActiveCfg = Release|Any CPU
		{F4BC0DC9-520B-4DD9-91DF-33901B9433A9}.Release|Any CPU.Build.0 = Release|Any CPU
		{050CD500-CEC1-427E-A693-542C0F55999D}.Debug|Any CPU.ActiveCfg = Debug|Any CPU
		{050CD500-CEC1-427E-A693-542C0F55999D}.Debug|Any CPU.Build.0 = Debug|Any CPU
		{050CD500-CEC1-427E-A693-542C0F55999D}.Release|Any CPU.ActiveCfg = Release|Any CPU
		{050CD500-CEC1-427E-A693-542C0F55999D}.Release|Any CPU.Build.0 = Release|Any CPU
		{50DC6D0C-1B02-4E18-8ABC-F9FDEB821549}.Debug|Any CPU.ActiveCfg = Debug|Any CPU
		{50DC6D0C-1B02-4E18-8ABC-F9FDEB821549}.Debug|Any CPU.Build.0 = Debug|Any CPU
		{50DC6D0C-1B02-4E18-8ABC-F9FDEB821549}.Release|Any CPU.ActiveCfg = Release|Any CPU
		{50DC6D0C-1B02-4E18-8ABC-F9FDEB821549}.Release|Any CPU.Build.0 = Release|Any CPU
		{11A8FEC8-AD48-40E0-AF2F-B30253C77665}.Debug|Any CPU.ActiveCfg = Debug|Any CPU
		{11A8FEC8-AD48-40E0-AF2F-B30253C77665}.Debug|Any CPU.Build.0 = Debug|Any CPU
		{11A8FEC8-AD48-40E0-AF2F-B30253C77665}.Release|Any CPU.ActiveCfg = Release|Any CPU
		{11A8FEC8-AD48-40E0-AF2F-B30253C77665}.Release|Any CPU.Build.0 = Release|Any CPU
		{F14A2EA2-FC83-4C84-95EE-D3657062794D}.Debug|Any CPU.ActiveCfg = Debug|Any CPU
		{F14A2EA2-FC83-4C84-95EE-D3657062794D}.Debug|Any CPU.Build.0 = Debug|Any CPU
		{F14A2EA2-FC83-4C84-95EE-D3657062794D}.Release|Any CPU.ActiveCfg = Release|Any CPU
		{F14A2EA2-FC83-4C84-95EE-D3657062794D}.Release|Any CPU.Build.0 = Release|Any CPU
		{D951B0CC-EE94-448B-8025-68C35109E884}.Debug|Any CPU.ActiveCfg = Debug|Any CPU
		{D951B0CC-EE94-448B-8025-68C35109E884}.Debug|Any CPU.Build.0 = Debug|Any CPU
		{D951B0CC-EE94-448B-8025-68C35109E884}.Release|Any CPU.ActiveCfg = Release|Any CPU
		{D951B0CC-EE94-448B-8025-68C35109E884}.Release|Any CPU.Build.0 = Release|Any CPU
		{73840F3F-566F-4E71-8957-6BC2D9B7FCAE}.Debug|Any CPU.ActiveCfg = Debug|Any CPU
		{73840F3F-566F-4E71-8957-6BC2D9B7FCAE}.Debug|Any CPU.Build.0 = Debug|Any CPU
		{73840F3F-566F-4E71-8957-6BC2D9B7FCAE}.Release|Any CPU.ActiveCfg = Release|Any CPU
		{73840F3F-566F-4E71-8957-6BC2D9B7FCAE}.Release|Any CPU.Build.0 = Release|Any CPU
		{2702BCE0-B5A4-4EAF-B477-B0069A4A529B}.Debug|Any CPU.ActiveCfg = Debug|Any CPU
		{2702BCE0-B5A4-4EAF-B477-B0069A4A529B}.Debug|Any CPU.Build.0 = Debug|Any CPU
		{2702BCE0-B5A4-4EAF-B477-B0069A4A529B}.Release|Any CPU.ActiveCfg = Release|Any CPU
		{2702BCE0-B5A4-4EAF-B477-B0069A4A529B}.Release|Any CPU.Build.0 = Release|Any CPU
		{ADC9F7B8-96B6-4D97-8C72-464620E56790}.Debug|Any CPU.ActiveCfg = Debug|Any CPU
		{ADC9F7B8-96B6-4D97-8C72-464620E56790}.Debug|Any CPU.Build.0 = Debug|Any CPU
		{ADC9F7B8-96B6-4D97-8C72-464620E56790}.Release|Any CPU.ActiveCfg = Release|Any CPU
		{ADC9F7B8-96B6-4D97-8C72-464620E56790}.Release|Any CPU.Build.0 = Release|Any CPU
		{EFBB3888-AA6E-4A1D-8105-034C053ADA32}.Debug|Any CPU.ActiveCfg = Debug|Any CPU
		{EFBB3888-AA6E-4A1D-8105-034C053ADA32}.Debug|Any CPU.Build.0 = Debug|Any CPU
		{EFBB3888-AA6E-4A1D-8105-034C053ADA32}.Release|Any CPU.ActiveCfg = Release|Any CPU
		{EFBB3888-AA6E-4A1D-8105-034C053ADA32}.Release|Any CPU.Build.0 = Release|Any CPU
		{F19425A2-75F5-467E-A5A4-30B9F57E9029}.Debug|Any CPU.ActiveCfg = Debug|Any CPU
		{F19425A2-75F5-467E-A5A4-30B9F57E9029}.Debug|Any CPU.Build.0 = Debug|Any CPU
		{F19425A2-75F5-467E-A5A4-30B9F57E9029}.Release|Any CPU.ActiveCfg = Release|Any CPU
		{F19425A2-75F5-467E-A5A4-30B9F57E9029}.Release|Any CPU.Build.0 = Release|Any CPU
		{667BAA37-F369-451C-8D2E-E6D1537DBD88}.Debug|Any CPU.ActiveCfg = Debug|Any CPU
		{667BAA37-F369-451C-8D2E-E6D1537DBD88}.Debug|Any CPU.Build.0 = Debug|Any CPU
		{667BAA37-F369-451C-8D2E-E6D1537DBD88}.Release|Any CPU.ActiveCfg = Release|Any CPU
		{667BAA37-F369-451C-8D2E-E6D1537DBD88}.Release|Any CPU.Build.0 = Release|Any CPU
		{584BB28E-B14D-44FD-ACCD-0255DF9D3A63}.Debug|Any CPU.ActiveCfg = Debug|Any CPU
		{584BB28E-B14D-44FD-ACCD-0255DF9D3A63}.Debug|Any CPU.Build.0 = Debug|Any CPU
		{584BB28E-B14D-44FD-ACCD-0255DF9D3A63}.Release|Any CPU.ActiveCfg = Release|Any CPU
		{584BB28E-B14D-44FD-ACCD-0255DF9D3A63}.Release|Any CPU.Build.0 = Release|Any CPU
		{FB4415F0-7930-489A-8E2A-77A93DDE5EEE}.Debug|Any CPU.ActiveCfg = Debug|Any CPU
		{FB4415F0-7930-489A-8E2A-77A93DDE5EEE}.Debug|Any CPU.Build.0 = Debug|Any CPU
		{FB4415F0-7930-489A-8E2A-77A93DDE5EEE}.Release|Any CPU.ActiveCfg = Release|Any CPU
		{FB4415F0-7930-489A-8E2A-77A93DDE5EEE}.Release|Any CPU.Build.0 = Release|Any CPU
		{8BC31EB7-5D12-4571-A618-15905DDC0EBE}.Debug|Any CPU.ActiveCfg = Debug|Any CPU
		{8BC31EB7-5D12-4571-A618-15905DDC0EBE}.Debug|Any CPU.Build.0 = Debug|Any CPU
		{8BC31EB7-5D12-4571-A618-15905DDC0EBE}.Release|Any CPU.ActiveCfg = Release|Any CPU
		{8BC31EB7-5D12-4571-A618-15905DDC0EBE}.Release|Any CPU.Build.0 = Release|Any CPU
		{58C4186F-CE4E-4807-B4FA-4BC058966B2E}.Debug|Any CPU.ActiveCfg = Debug|Any CPU
		{58C4186F-CE4E-4807-B4FA-4BC058966B2E}.Debug|Any CPU.Build.0 = Debug|Any CPU
		{58C4186F-CE4E-4807-B4FA-4BC058966B2E}.Release|Any CPU.ActiveCfg = Release|Any CPU
		{58C4186F-CE4E-4807-B4FA-4BC058966B2E}.Release|Any CPU.Build.0 = Release|Any CPU
		{8B8312AE-440F-42BD-9242-1167EAF764A5}.Debug|Any CPU.ActiveCfg = Debug|Any CPU
		{8B8312AE-440F-42BD-9242-1167EAF764A5}.Debug|Any CPU.Build.0 = Debug|Any CPU
		{8B8312AE-440F-42BD-9242-1167EAF764A5}.Release|Any CPU.ActiveCfg = Release|Any CPU
		{8B8312AE-440F-42BD-9242-1167EAF764A5}.Release|Any CPU.Build.0 = Release|Any CPU
		{13AE1301-F6D3-41E2-9621-796D2BDD0C10}.Debug|Any CPU.ActiveCfg = Debug|Any CPU
		{13AE1301-F6D3-41E2-9621-796D2BDD0C10}.Debug|Any CPU.Build.0 = Debug|Any CPU
		{13AE1301-F6D3-41E2-9621-796D2BDD0C10}.Release|Any CPU.ActiveCfg = Release|Any CPU
		{13AE1301-F6D3-41E2-9621-796D2BDD0C10}.Release|Any CPU.Build.0 = Release|Any CPU
		{D6310377-C87F-4065-A5AD-3EA83B010F6F}.Debug|Any CPU.ActiveCfg = Debug|Any CPU
		{D6310377-C87F-4065-A5AD-3EA83B010F6F}.Debug|Any CPU.Build.0 = Debug|Any CPU
		{D6310377-C87F-4065-A5AD-3EA83B010F6F}.Release|Any CPU.ActiveCfg = Release|Any CPU
		{D6310377-C87F-4065-A5AD-3EA83B010F6F}.Release|Any CPU.Build.0 = Release|Any CPU
		{642FB552-026D-406A-96B7-E5D24B47051D}.Debug|Any CPU.ActiveCfg = Debug|Any CPU
		{642FB552-026D-406A-96B7-E5D24B47051D}.Debug|Any CPU.Build.0 = Debug|Any CPU
		{642FB552-026D-406A-96B7-E5D24B47051D}.Release|Any CPU.ActiveCfg = Release|Any CPU
		{642FB552-026D-406A-96B7-E5D24B47051D}.Release|Any CPU.Build.0 = Release|Any CPU
		{4F9AB69A-920C-41AE-A21B-093BB921830E}.Debug|Any CPU.ActiveCfg = Debug|Any CPU
		{4F9AB69A-920C-41AE-A21B-093BB921830E}.Debug|Any CPU.Build.0 = Debug|Any CPU
		{4F9AB69A-920C-41AE-A21B-093BB921830E}.Release|Any CPU.ActiveCfg = Release|Any CPU
		{4F9AB69A-920C-41AE-A21B-093BB921830E}.Release|Any CPU.Build.0 = Release|Any CPU
		{1570B97D-624C-4ADE-BB2C-8B8ECA490EF5}.Debug|Any CPU.ActiveCfg = Debug|Any CPU
		{1570B97D-624C-4ADE-BB2C-8B8ECA490EF5}.Debug|Any CPU.Build.0 = Debug|Any CPU
		{1570B97D-624C-4ADE-BB2C-8B8ECA490EF5}.Release|Any CPU.ActiveCfg = Release|Any CPU
		{1570B97D-624C-4ADE-BB2C-8B8ECA490EF5}.Release|Any CPU.Build.0 = Release|Any CPU
		{92FCF7E0-7923-43D1-9B99-00DAC20ADF05}.Debug|Any CPU.ActiveCfg = Debug|Any CPU
		{92FCF7E0-7923-43D1-9B99-00DAC20ADF05}.Debug|Any CPU.Build.0 = Debug|Any CPU
		{92FCF7E0-7923-43D1-9B99-00DAC20ADF05}.Release|Any CPU.ActiveCfg = Release|Any CPU
		{92FCF7E0-7923-43D1-9B99-00DAC20ADF05}.Release|Any CPU.Build.0 = Release|Any CPU
		{14F94CA2-A561-459A-9F32-6A8615ED79E7}.Debug|Any CPU.ActiveCfg = Debug|Any CPU
		{14F94CA2-A561-459A-9F32-6A8615ED79E7}.Debug|Any CPU.Build.0 = Debug|Any CPU
		{14F94CA2-A561-459A-9F32-6A8615ED79E7}.Release|Any CPU.ActiveCfg = Release|Any CPU
		{14F94CA2-A561-459A-9F32-6A8615ED79E7}.Release|Any CPU.Build.0 = Release|Any CPU
		{19DB720D-3DF7-4596-984E-19120F869F3F}.Debug|Any CPU.ActiveCfg = Debug|Any CPU
		{19DB720D-3DF7-4596-984E-19120F869F3F}.Debug|Any CPU.Build.0 = Debug|Any CPU
		{19DB720D-3DF7-4596-984E-19120F869F3F}.Release|Any CPU.ActiveCfg = Release|Any CPU
		{19DB720D-3DF7-4596-984E-19120F869F3F}.Release|Any CPU.Build.0 = Release|Any CPU
		{5F45E88E-264F-4AA7-9F7F-71564D29C427}.Debug|Any CPU.ActiveCfg = Debug|Any CPU
		{5F45E88E-264F-4AA7-9F7F-71564D29C427}.Debug|Any CPU.Build.0 = Debug|Any CPU
		{5F45E88E-264F-4AA7-9F7F-71564D29C427}.Release|Any CPU.ActiveCfg = Release|Any CPU
		{5F45E88E-264F-4AA7-9F7F-71564D29C427}.Release|Any CPU.Build.0 = Release|Any CPU
		{AAA41F77-0284-4B7F-8BF9-743B2B78BCF8}.Debug|Any CPU.ActiveCfg = Debug|Any CPU
		{AAA41F77-0284-4B7F-8BF9-743B2B78BCF8}.Debug|Any CPU.Build.0 = Debug|Any CPU
		{AAA41F77-0284-4B7F-8BF9-743B2B78BCF8}.Release|Any CPU.ActiveCfg = Release|Any CPU
		{AAA41F77-0284-4B7F-8BF9-743B2B78BCF8}.Release|Any CPU.Build.0 = Release|Any CPU
		{FA92B969-2CB4-4ABB-8B0A-D4575779B5BD}.Debug|Any CPU.ActiveCfg = Debug|Any CPU
		{FA92B969-2CB4-4ABB-8B0A-D4575779B5BD}.Debug|Any CPU.Build.0 = Debug|Any CPU
		{FA92B969-2CB4-4ABB-8B0A-D4575779B5BD}.Release|Any CPU.ActiveCfg = Release|Any CPU
		{FA92B969-2CB4-4ABB-8B0A-D4575779B5BD}.Release|Any CPU.Build.0 = Release|Any CPU
		{938099C8-6DD6-4D1D-A62B-CC25925928C4}.Debug|Any CPU.ActiveCfg = Debug|Any CPU
		{938099C8-6DD6-4D1D-A62B-CC25925928C4}.Debug|Any CPU.Build.0 = Debug|Any CPU
		{938099C8-6DD6-4D1D-A62B-CC25925928C4}.Release|Any CPU.ActiveCfg = Release|Any CPU
		{938099C8-6DD6-4D1D-A62B-CC25925928C4}.Release|Any CPU.Build.0 = Release|Any CPU
		{B230EA71-EAEA-4C9D-9C0A-A9FC2E079AC0}.Debug|Any CPU.ActiveCfg = Debug|Any CPU
		{B230EA71-EAEA-4C9D-9C0A-A9FC2E079AC0}.Debug|Any CPU.Build.0 = Debug|Any CPU
		{B230EA71-EAEA-4C9D-9C0A-A9FC2E079AC0}.Release|Any CPU.ActiveCfg = Release|Any CPU
		{B230EA71-EAEA-4C9D-9C0A-A9FC2E079AC0}.Release|Any CPU.Build.0 = Release|Any CPU
		{419DB769-8EC6-461C-A60D-29100D69664F}.Debug|Any CPU.ActiveCfg = Debug|Any CPU
		{419DB769-8EC6-461C-A60D-29100D69664F}.Debug|Any CPU.Build.0 = Debug|Any CPU
		{419DB769-8EC6-461C-A60D-29100D69664F}.Release|Any CPU.ActiveCfg = Release|Any CPU
		{419DB769-8EC6-461C-A60D-29100D69664F}.Release|Any CPU.Build.0 = Release|Any CPU
		{42A4BCEB-CA96-46AE-9BCF-A5774ACF93BB}.Debug|Any CPU.ActiveCfg = Debug|Any CPU
		{42A4BCEB-CA96-46AE-9BCF-A5774ACF93BB}.Debug|Any CPU.Build.0 = Debug|Any CPU
		{42A4BCEB-CA96-46AE-9BCF-A5774ACF93BB}.Release|Any CPU.ActiveCfg = Release|Any CPU
		{42A4BCEB-CA96-46AE-9BCF-A5774ACF93BB}.Release|Any CPU.Build.0 = Release|Any CPU
		{71D67FDA-8B40-4330-8B53-C07D534A8312}.Debug|Any CPU.ActiveCfg = Debug|Any CPU
		{71D67FDA-8B40-4330-8B53-C07D534A8312}.Debug|Any CPU.Build.0 = Debug|Any CPU
		{71D67FDA-8B40-4330-8B53-C07D534A8312}.Release|Any CPU.ActiveCfg = Release|Any CPU
		{71D67FDA-8B40-4330-8B53-C07D534A8312}.Release|Any CPU.Build.0 = Release|Any CPU
		{FD116221-1A1A-469D-9B6D-D07F945E70D7}.Debug|Any CPU.ActiveCfg = Debug|Any CPU
		{FD116221-1A1A-469D-9B6D-D07F945E70D7}.Debug|Any CPU.Build.0 = Debug|Any CPU
		{FD116221-1A1A-469D-9B6D-D07F945E70D7}.Release|Any CPU.ActiveCfg = Release|Any CPU
		{FD116221-1A1A-469D-9B6D-D07F945E70D7}.Release|Any CPU.Build.0 = Release|Any CPU
		{1B4F65E4-DCC1-4E24-9170-7E1399E2F3E7}.Debug|Any CPU.ActiveCfg = Debug|Any CPU
		{1B4F65E4-DCC1-4E24-9170-7E1399E2F3E7}.Debug|Any CPU.Build.0 = Debug|Any CPU
		{1B4F65E4-DCC1-4E24-9170-7E1399E2F3E7}.Release|Any CPU.ActiveCfg = Release|Any CPU
		{1B4F65E4-DCC1-4E24-9170-7E1399E2F3E7}.Release|Any CPU.Build.0 = Release|Any CPU
		{AE22939D-1BA1-4D29-AD6B-66B7199CD0BC}.Debug|Any CPU.ActiveCfg = Debug|Any CPU
		{AE22939D-1BA1-4D29-AD6B-66B7199CD0BC}.Debug|Any CPU.Build.0 = Debug|Any CPU
		{AE22939D-1BA1-4D29-AD6B-66B7199CD0BC}.Release|Any CPU.ActiveCfg = Release|Any CPU
		{AE22939D-1BA1-4D29-AD6B-66B7199CD0BC}.Release|Any CPU.Build.0 = Release|Any CPU
		{61A24931-CF00-4D30-933B-59CB18990763}.Debug|Any CPU.ActiveCfg = Debug|Any CPU
		{61A24931-CF00-4D30-933B-59CB18990763}.Debug|Any CPU.Build.0 = Debug|Any CPU
		{61A24931-CF00-4D30-933B-59CB18990763}.Release|Any CPU.ActiveCfg = Release|Any CPU
		{61A24931-CF00-4D30-933B-59CB18990763}.Release|Any CPU.Build.0 = Release|Any CPU
		{A24DE2F6-38DD-4672-AD57-AA3A5AFECCF7}.Debug|Any CPU.ActiveCfg = Debug|Any CPU
		{A24DE2F6-38DD-4672-AD57-AA3A5AFECCF7}.Debug|Any CPU.Build.0 = Debug|Any CPU
		{A24DE2F6-38DD-4672-AD57-AA3A5AFECCF7}.Release|Any CPU.ActiveCfg = Release|Any CPU
		{A24DE2F6-38DD-4672-AD57-AA3A5AFECCF7}.Release|Any CPU.Build.0 = Release|Any CPU
		{CF1F1014-AE9E-4503-9BBA-7C3FB6ABBBF5}.Debug|Any CPU.ActiveCfg = Debug|Any CPU
		{CF1F1014-AE9E-4503-9BBA-7C3FB6ABBBF5}.Debug|Any CPU.Build.0 = Debug|Any CPU
		{CF1F1014-AE9E-4503-9BBA-7C3FB6ABBBF5}.Release|Any CPU.ActiveCfg = Release|Any CPU
		{CF1F1014-AE9E-4503-9BBA-7C3FB6ABBBF5}.Release|Any CPU.Build.0 = Release|Any CPU
		{E387CE72-2831-45FD-BE14-853EED12FCE2}.Debug|Any CPU.ActiveCfg = Debug|Any CPU
		{E387CE72-2831-45FD-BE14-853EED12FCE2}.Debug|Any CPU.Build.0 = Debug|Any CPU
		{E387CE72-2831-45FD-BE14-853EED12FCE2}.Release|Any CPU.ActiveCfg = Release|Any CPU
		{E387CE72-2831-45FD-BE14-853EED12FCE2}.Release|Any CPU.Build.0 = Release|Any CPU
		{0F2A4C9E-CB1A-45D9-A550-2EF56E6A1A65}.Debug|Any CPU.ActiveCfg = Debug|Any CPU
		{0F2A4C9E-CB1A-45D9-A550-2EF56E6A1A65}.Debug|Any CPU.Build.0 = Debug|Any CPU
		{0F2A4C9E-CB1A-45D9-A550-2EF56E6A1A65}.Release|Any CPU.ActiveCfg = Release|Any CPU
		{0F2A4C9E-CB1A-45D9-A550-2EF56E6A1A65}.Release|Any CPU.Build.0 = Release|Any CPU
		{E5D58BB3-4DA0-439A-9739-41894AF66B0C}.Debug|Any CPU.ActiveCfg = Debug|Any CPU
		{E5D58BB3-4DA0-439A-9739-41894AF66B0C}.Debug|Any CPU.Build.0 = Debug|Any CPU
		{E5D58BB3-4DA0-439A-9739-41894AF66B0C}.Release|Any CPU.ActiveCfg = Release|Any CPU
		{E5D58BB3-4DA0-439A-9739-41894AF66B0C}.Release|Any CPU.Build.0 = Release|Any CPU
		{CD0778A2-CCFE-47E0-86D1-151B4AC780BF}.Debug|Any CPU.ActiveCfg = Debug|Any CPU
		{CD0778A2-CCFE-47E0-86D1-151B4AC780BF}.Debug|Any CPU.Build.0 = Debug|Any CPU
		{CD0778A2-CCFE-47E0-86D1-151B4AC780BF}.Release|Any CPU.ActiveCfg = Release|Any CPU
		{CD0778A2-CCFE-47E0-86D1-151B4AC780BF}.Release|Any CPU.Build.0 = Release|Any CPU
		{7B37D014-9B98-4189-95BE-D8F1323DDFF8}.Debug|Any CPU.ActiveCfg = Debug|Any CPU
		{7B37D014-9B98-4189-95BE-D8F1323DDFF8}.Debug|Any CPU.Build.0 = Debug|Any CPU
		{7B37D014-9B98-4189-95BE-D8F1323DDFF8}.Release|Any CPU.ActiveCfg = Release|Any CPU
		{7B37D014-9B98-4189-95BE-D8F1323DDFF8}.Release|Any CPU.Build.0 = Release|Any CPU
		{89242825-5AC5-44BE-9E27-A2642545FF34}.Debug|Any CPU.ActiveCfg = Debug|Any CPU
		{89242825-5AC5-44BE-9E27-A2642545FF34}.Debug|Any CPU.Build.0 = Debug|Any CPU
		{89242825-5AC5-44BE-9E27-A2642545FF34}.Release|Any CPU.ActiveCfg = Release|Any CPU
		{89242825-5AC5-44BE-9E27-A2642545FF34}.Release|Any CPU.Build.0 = Release|Any CPU
		{017ED924-7301-4FE4-BDA9-454FA442C9A6}.Debug|Any CPU.ActiveCfg = Debug|Any CPU
		{017ED924-7301-4FE4-BDA9-454FA442C9A6}.Debug|Any CPU.Build.0 = Debug|Any CPU
		{017ED924-7301-4FE4-BDA9-454FA442C9A6}.Release|Any CPU.ActiveCfg = Release|Any CPU
		{017ED924-7301-4FE4-BDA9-454FA442C9A6}.Release|Any CPU.Build.0 = Release|Any CPU
		{5018D306-4FAC-4726-9DCE-1E9A4148B997}.Debug|Any CPU.ActiveCfg = Debug|Any CPU
		{5018D306-4FAC-4726-9DCE-1E9A4148B997}.Debug|Any CPU.Build.0 = Debug|Any CPU
		{5018D306-4FAC-4726-9DCE-1E9A4148B997}.Release|Any CPU.ActiveCfg = Release|Any CPU
		{5018D306-4FAC-4726-9DCE-1E9A4148B997}.Release|Any CPU.Build.0 = Release|Any CPU
		{3EC04BA9-B453-4212-BC69-6C35F7F87BDA}.Debug|Any CPU.ActiveCfg = Debug|Any CPU
		{3EC04BA9-B453-4212-BC69-6C35F7F87BDA}.Debug|Any CPU.Build.0 = Debug|Any CPU
		{3EC04BA9-B453-4212-BC69-6C35F7F87BDA}.Release|Any CPU.ActiveCfg = Release|Any CPU
		{3EC04BA9-B453-4212-BC69-6C35F7F87BDA}.Release|Any CPU.Build.0 = Release|Any CPU
		{2694E2D9-52DD-4823-BB8C-83BDDE178210}.Debug|Any CPU.ActiveCfg = Debug|Any CPU
		{2694E2D9-52DD-4823-BB8C-83BDDE178210}.Debug|Any CPU.Build.0 = Debug|Any CPU
		{2694E2D9-52DD-4823-BB8C-83BDDE178210}.Release|Any CPU.ActiveCfg = Release|Any CPU
		{2694E2D9-52DD-4823-BB8C-83BDDE178210}.Release|Any CPU.Build.0 = Release|Any CPU
		{DD3D7536-D07F-447B-A057-7F5A8A60DF2C}.Debug|Any CPU.ActiveCfg = Debug|Any CPU
		{DD3D7536-D07F-447B-A057-7F5A8A60DF2C}.Debug|Any CPU.Build.0 = Debug|Any CPU
		{DD3D7536-D07F-447B-A057-7F5A8A60DF2C}.Release|Any CPU.ActiveCfg = Release|Any CPU
		{DD3D7536-D07F-447B-A057-7F5A8A60DF2C}.Release|Any CPU.Build.0 = Release|Any CPU
		{065E78F1-AC38-4BF8-A2AD-1EA77C3C2A26}.Debug|Any CPU.ActiveCfg = Debug|Any CPU
		{065E78F1-AC38-4BF8-A2AD-1EA77C3C2A26}.Debug|Any CPU.Build.0 = Debug|Any CPU
		{065E78F1-AC38-4BF8-A2AD-1EA77C3C2A26}.Release|Any CPU.ActiveCfg = Release|Any CPU
		{065E78F1-AC38-4BF8-A2AD-1EA77C3C2A26}.Release|Any CPU.Build.0 = Release|Any CPU
		{4CBBB3C7-561C-4FBA-B48B-50895CFF39C5}.Debug|Any CPU.ActiveCfg = Debug|Any CPU
		{4CBBB3C7-561C-4FBA-B48B-50895CFF39C5}.Debug|Any CPU.Build.0 = Debug|Any CPU
		{4CBBB3C7-561C-4FBA-B48B-50895CFF39C5}.Release|Any CPU.ActiveCfg = Release|Any CPU
		{4CBBB3C7-561C-4FBA-B48B-50895CFF39C5}.Release|Any CPU.Build.0 = Release|Any CPU
		{F588FDFC-F35B-48E8-84A1-E19F0D6EA3D6}.Debug|Any CPU.ActiveCfg = Debug|Any CPU
		{F588FDFC-F35B-48E8-84A1-E19F0D6EA3D6}.Debug|Any CPU.Build.0 = Debug|Any CPU
		{F588FDFC-F35B-48E8-84A1-E19F0D6EA3D6}.Release|Any CPU.ActiveCfg = Release|Any CPU
		{F588FDFC-F35B-48E8-84A1-E19F0D6EA3D6}.Release|Any CPU.Build.0 = Release|Any CPU
		{14A42065-D5F6-4945-BF40-8E2047531DF5}.Debug|Any CPU.ActiveCfg = Debug|Any CPU
		{14A42065-D5F6-4945-BF40-8E2047531DF5}.Debug|Any CPU.Build.0 = Debug|Any CPU
		{14A42065-D5F6-4945-BF40-8E2047531DF5}.Release|Any CPU.ActiveCfg = Release|Any CPU
		{14A42065-D5F6-4945-BF40-8E2047531DF5}.Release|Any CPU.Build.0 = Release|Any CPU
		{76F5513F-AF10-4775-BCEA-749A14127476}.Debug|Any CPU.ActiveCfg = Debug|Any CPU
		{76F5513F-AF10-4775-BCEA-749A14127476}.Debug|Any CPU.Build.0 = Debug|Any CPU
		{76F5513F-AF10-4775-BCEA-749A14127476}.Release|Any CPU.ActiveCfg = Release|Any CPU
		{76F5513F-AF10-4775-BCEA-749A14127476}.Release|Any CPU.Build.0 = Release|Any CPU
		{132AFC58-88D6-4160-AEC7-FE6FD650D992}.Debug|Any CPU.ActiveCfg = Debug|Any CPU
		{132AFC58-88D6-4160-AEC7-FE6FD650D992}.Debug|Any CPU.Build.0 = Debug|Any CPU
		{132AFC58-88D6-4160-AEC7-FE6FD650D992}.Release|Any CPU.ActiveCfg = Release|Any CPU
		{132AFC58-88D6-4160-AEC7-FE6FD650D992}.Release|Any CPU.Build.0 = Release|Any CPU
		{F1B4185B-528A-461A-B91E-09ACD0B48A25}.Debug|Any CPU.ActiveCfg = Debug|Any CPU
		{F1B4185B-528A-461A-B91E-09ACD0B48A25}.Debug|Any CPU.Build.0 = Debug|Any CPU
		{F1B4185B-528A-461A-B91E-09ACD0B48A25}.Release|Any CPU.ActiveCfg = Release|Any CPU
		{F1B4185B-528A-461A-B91E-09ACD0B48A25}.Release|Any CPU.Build.0 = Release|Any CPU
		{68DD7671-DC48-4D5A-9E9D-8F1F47156286}.Debug|Any CPU.ActiveCfg = Debug|Any CPU
		{68DD7671-DC48-4D5A-9E9D-8F1F47156286}.Debug|Any CPU.Build.0 = Debug|Any CPU
		{68DD7671-DC48-4D5A-9E9D-8F1F47156286}.Release|Any CPU.ActiveCfg = Release|Any CPU
		{68DD7671-DC48-4D5A-9E9D-8F1F47156286}.Release|Any CPU.Build.0 = Release|Any CPU
		{CAF063BD-C00D-4291-B123-7D7FFA04AB30}.Debug|Any CPU.ActiveCfg = Debug|Any CPU
		{CAF063BD-C00D-4291-B123-7D7FFA04AB30}.Debug|Any CPU.Build.0 = Debug|Any CPU
		{CAF063BD-C00D-4291-B123-7D7FFA04AB30}.Release|Any CPU.ActiveCfg = Release|Any CPU
		{CAF063BD-C00D-4291-B123-7D7FFA04AB30}.Release|Any CPU.Build.0 = Release|Any CPU
		{93CF34BF-A13D-4ABE-8BA6-06E155CB1F7F}.Debug|Any CPU.ActiveCfg = Debug|Any CPU
		{93CF34BF-A13D-4ABE-8BA6-06E155CB1F7F}.Debug|Any CPU.Build.0 = Debug|Any CPU
		{93CF34BF-A13D-4ABE-8BA6-06E155CB1F7F}.Release|Any CPU.ActiveCfg = Release|Any CPU
		{93CF34BF-A13D-4ABE-8BA6-06E155CB1F7F}.Release|Any CPU.Build.0 = Release|Any CPU
		{F74E65B9-92C1-4808-ABB6-520E7BCF3893}.Debug|Any CPU.ActiveCfg = Debug|Any CPU
		{F74E65B9-92C1-4808-ABB6-520E7BCF3893}.Debug|Any CPU.Build.0 = Debug|Any CPU
		{F74E65B9-92C1-4808-ABB6-520E7BCF3893}.Release|Any CPU.ActiveCfg = Release|Any CPU
		{F74E65B9-92C1-4808-ABB6-520E7BCF3893}.Release|Any CPU.Build.0 = Release|Any CPU
		{A3A34181-7136-44C2-86D2-702EB0572F07}.Debug|Any CPU.ActiveCfg = Debug|Any CPU
		{A3A34181-7136-44C2-86D2-702EB0572F07}.Debug|Any CPU.Build.0 = Debug|Any CPU
		{A3A34181-7136-44C2-86D2-702EB0572F07}.Release|Any CPU.ActiveCfg = Release|Any CPU
		{A3A34181-7136-44C2-86D2-702EB0572F07}.Release|Any CPU.Build.0 = Release|Any CPU
		{15F95748-4740-4C87-8B14-90CC7FBBC172}.Debug|Any CPU.ActiveCfg = Debug|Any CPU
		{15F95748-4740-4C87-8B14-90CC7FBBC172}.Debug|Any CPU.Build.0 = Debug|Any CPU
		{15F95748-4740-4C87-8B14-90CC7FBBC172}.Release|Any CPU.ActiveCfg = Release|Any CPU
		{15F95748-4740-4C87-8B14-90CC7FBBC172}.Release|Any CPU.Build.0 = Release|Any CPU
		{5F3FBBB9-7168-4B24-B3EE-CF5680F8F072}.Debug|Any CPU.ActiveCfg = Debug|Any CPU
		{5F3FBBB9-7168-4B24-B3EE-CF5680F8F072}.Debug|Any CPU.Build.0 = Debug|Any CPU
		{5F3FBBB9-7168-4B24-B3EE-CF5680F8F072}.Release|Any CPU.ActiveCfg = Release|Any CPU
		{5F3FBBB9-7168-4B24-B3EE-CF5680F8F072}.Release|Any CPU.Build.0 = Release|Any CPU
		{1C5D638A-FEBC-4CE9-9AA0-855B1497E792}.Debug|Any CPU.ActiveCfg = Debug|Any CPU
		{1C5D638A-FEBC-4CE9-9AA0-855B1497E792}.Debug|Any CPU.Build.0 = Debug|Any CPU
		{1C5D638A-FEBC-4CE9-9AA0-855B1497E792}.Release|Any CPU.ActiveCfg = Release|Any CPU
		{1C5D638A-FEBC-4CE9-9AA0-855B1497E792}.Release|Any CPU.Build.0 = Release|Any CPU
		{36AC73E8-90CD-4E0B-ABF1-657CA84ACD50}.Debug|Any CPU.ActiveCfg = Debug|Any CPU
		{36AC73E8-90CD-4E0B-ABF1-657CA84ACD50}.Debug|Any CPU.Build.0 = Debug|Any CPU
		{36AC73E8-90CD-4E0B-ABF1-657CA84ACD50}.Release|Any CPU.ActiveCfg = Release|Any CPU
		{36AC73E8-90CD-4E0B-ABF1-657CA84ACD50}.Release|Any CPU.Build.0 = Release|Any CPU
		{956148F9-6A75-48B5-BFF4-721E26878B78}.Debug|Any CPU.ActiveCfg = Debug|Any CPU
		{956148F9-6A75-48B5-BFF4-721E26878B78}.Debug|Any CPU.Build.0 = Debug|Any CPU
		{956148F9-6A75-48B5-BFF4-721E26878B78}.Release|Any CPU.ActiveCfg = Release|Any CPU
		{956148F9-6A75-48B5-BFF4-721E26878B78}.Release|Any CPU.Build.0 = Release|Any CPU
	EndGlobalSection
	GlobalSection(NestedProjects) = preSolution
		{4C72FE40-A62D-4114-A8C6-41CAA2C2965F} = {B8159780-B8F8-4865-83DE-E3EBBA40DDF4}
		{C9CA4EBE-11EB-4C34-AEE4-99CFD6E1E082} = {B8159780-B8F8-4865-83DE-E3EBBA40DDF4}
		{5A984066-2577-4F24-9C05-06EBA85B9A19} = {B8159780-B8F8-4865-83DE-E3EBBA40DDF4}
		{E6C346CD-2044-4A73-B0FE-A23B990BAAEB} = {7064B109-72C3-471E-84FD-64C5AA807B0A}
		{B80F755A-01E2-4422-AA40-14B8BB0D7F35} = {7064B109-72C3-471E-84FD-64C5AA807B0A}
		{A0A06E85-D2C6-4EA0-AFB8-85D848674A8E} = {7064B109-72C3-471E-84FD-64C5AA807B0A}
		{142A6D91-56AB-4C18-9C6C-05AA4F0AFD36} = {7064B109-72C3-471E-84FD-64C5AA807B0A}
		{AF8E5C15-C7C5-44F2-86BE-8A83A2ACA702} = {B8159780-B8F8-4865-83DE-E3EBBA40DDF4}
		{64CDE85D-C1E6-494A-AD6E-7E3705AB436F} = {B8159780-B8F8-4865-83DE-E3EBBA40DDF4}
		{2541A94B-E1ED-4027-9539-4DB9381B4F43} = {B8159780-B8F8-4865-83DE-E3EBBA40DDF4}
		{624AD3AB-7657-4985-93AB-0511E099C8DC} = {B8159780-B8F8-4865-83DE-E3EBBA40DDF4}
		{B6EB79ED-E11F-4C0B-AE41-D09E0EA506BA} = {B8159780-B8F8-4865-83DE-E3EBBA40DDF4}
		{1730A0FD-48A6-48E1-9755-BE061350587A} = {B8159780-B8F8-4865-83DE-E3EBBA40DDF4}
		{7334C9E0-0FC1-4FCE-8000-7703F93A0201} = {B8159780-B8F8-4865-83DE-E3EBBA40DDF4}
		{37AA88E0-BF62-4D18-BB7D-DC0F800E6A7D} = {B8159780-B8F8-4865-83DE-E3EBBA40DDF4}
		{4158F4C7-E593-4BC4-861B-01F8F6AA0AE7} = {B8159780-B8F8-4865-83DE-E3EBBA40DDF4}
		{F4BC0DC9-520B-4DD9-91DF-33901B9433A9} = {B8159780-B8F8-4865-83DE-E3EBBA40DDF4}
		{050CD500-CEC1-427E-A693-542C0F55999D} = {B8159780-B8F8-4865-83DE-E3EBBA40DDF4}
		{50DC6D0C-1B02-4E18-8ABC-F9FDEB821549} = {B8159780-B8F8-4865-83DE-E3EBBA40DDF4}
		{11A8FEC8-AD48-40E0-AF2F-B30253C77665} = {B8159780-B8F8-4865-83DE-E3EBBA40DDF4}
		{F14A2EA2-FC83-4C84-95EE-D3657062794D} = {B8159780-B8F8-4865-83DE-E3EBBA40DDF4}
		{D951B0CC-EE94-448B-8025-68C35109E884} = {B8159780-B8F8-4865-83DE-E3EBBA40DDF4}
		{73840F3F-566F-4E71-8957-6BC2D9B7FCAE} = {B8159780-B8F8-4865-83DE-E3EBBA40DDF4}
		{2702BCE0-B5A4-4EAF-B477-B0069A4A529B} = {B8159780-B8F8-4865-83DE-E3EBBA40DDF4}
		{ADC9F7B8-96B6-4D97-8C72-464620E56790} = {B8159780-B8F8-4865-83DE-E3EBBA40DDF4}
		{EFBB3888-AA6E-4A1D-8105-034C053ADA32} = {B8159780-B8F8-4865-83DE-E3EBBA40DDF4}
		{F19425A2-75F5-467E-A5A4-30B9F57E9029} = {B8159780-B8F8-4865-83DE-E3EBBA40DDF4}
		{667BAA37-F369-451C-8D2E-E6D1537DBD88} = {B8159780-B8F8-4865-83DE-E3EBBA40DDF4}
		{584BB28E-B14D-44FD-ACCD-0255DF9D3A63} = {B8159780-B8F8-4865-83DE-E3EBBA40DDF4}
		{FB4415F0-7930-489A-8E2A-77A93DDE5EEE} = {B8159780-B8F8-4865-83DE-E3EBBA40DDF4}
		{8BC31EB7-5D12-4571-A618-15905DDC0EBE} = {B8159780-B8F8-4865-83DE-E3EBBA40DDF4}
		{58C4186F-CE4E-4807-B4FA-4BC058966B2E} = {B8159780-B8F8-4865-83DE-E3EBBA40DDF4}
		{8B8312AE-440F-42BD-9242-1167EAF764A5} = {B8159780-B8F8-4865-83DE-E3EBBA40DDF4}
		{13AE1301-F6D3-41E2-9621-796D2BDD0C10} = {B8159780-B8F8-4865-83DE-E3EBBA40DDF4}
		{D6310377-C87F-4065-A5AD-3EA83B010F6F} = {B8159780-B8F8-4865-83DE-E3EBBA40DDF4}
		{642FB552-026D-406A-96B7-E5D24B47051D} = {CBB8DEC5-185B-42FC-B26D-831ED4ACC05F}
		{4F9AB69A-920C-41AE-A21B-093BB921830E} = {CBB8DEC5-185B-42FC-B26D-831ED4ACC05F}
		{1570B97D-624C-4ADE-BB2C-8B8ECA490EF5} = {B951CD37-C0D8-4214-96B4-74B318F1C6AA}
		{92FCF7E0-7923-43D1-9B99-00DAC20ADF05} = {B951CD37-C0D8-4214-96B4-74B318F1C6AA}
		{14F94CA2-A561-459A-9F32-6A8615ED79E7} = {CBB8DEC5-185B-42FC-B26D-831ED4ACC05F}
		{19DB720D-3DF7-4596-984E-19120F869F3F} = {CBB8DEC5-185B-42FC-B26D-831ED4ACC05F}
		{5F45E88E-264F-4AA7-9F7F-71564D29C427} = {CBB8DEC5-185B-42FC-B26D-831ED4ACC05F}
		{AAA41F77-0284-4B7F-8BF9-743B2B78BCF8} = {CBB8DEC5-185B-42FC-B26D-831ED4ACC05F}
		{FA92B969-2CB4-4ABB-8B0A-D4575779B5BD} = {CBB8DEC5-185B-42FC-B26D-831ED4ACC05F}
		{938099C8-6DD6-4D1D-A62B-CC25925928C4} = {CBB8DEC5-185B-42FC-B26D-831ED4ACC05F}
		{B230EA71-EAEA-4C9D-9C0A-A9FC2E079AC0} = {CBB8DEC5-185B-42FC-B26D-831ED4ACC05F}
		{419DB769-8EC6-461C-A60D-29100D69664F} = {CBB8DEC5-185B-42FC-B26D-831ED4ACC05F}
		{42A4BCEB-CA96-46AE-9BCF-A5774ACF93BB} = {CBB8DEC5-185B-42FC-B26D-831ED4ACC05F}
		{71D67FDA-8B40-4330-8B53-C07D534A8312} = {CBB8DEC5-185B-42FC-B26D-831ED4ACC05F}
		{FD116221-1A1A-469D-9B6D-D07F945E70D7} = {B951CD37-C0D8-4214-96B4-74B318F1C6AA}
		{1B4F65E4-DCC1-4E24-9170-7E1399E2F3E7} = {CBB8DEC5-185B-42FC-B26D-831ED4ACC05F}
		{AE22939D-1BA1-4D29-AD6B-66B7199CD0BC} = {CBB8DEC5-185B-42FC-B26D-831ED4ACC05F}
		{61A24931-CF00-4D30-933B-59CB18990763} = {CBB8DEC5-185B-42FC-B26D-831ED4ACC05F}
		{A24DE2F6-38DD-4672-AD57-AA3A5AFECCF7} = {CBB8DEC5-185B-42FC-B26D-831ED4ACC05F}
		{CF1F1014-AE9E-4503-9BBA-7C3FB6ABBBF5} = {CBB8DEC5-185B-42FC-B26D-831ED4ACC05F}
		{E387CE72-2831-45FD-BE14-853EED12FCE2} = {CBB8DEC5-185B-42FC-B26D-831ED4ACC05F}
		{0F2A4C9E-CB1A-45D9-A550-2EF56E6A1A65} = {CBB8DEC5-185B-42FC-B26D-831ED4ACC05F}
		{E5D58BB3-4DA0-439A-9739-41894AF66B0C} = {CBB8DEC5-185B-42FC-B26D-831ED4ACC05F}
		{CD0778A2-CCFE-47E0-86D1-151B4AC780BF} = {CBB8DEC5-185B-42FC-B26D-831ED4ACC05F}
		{7B37D014-9B98-4189-95BE-D8F1323DDFF8} = {CBB8DEC5-185B-42FC-B26D-831ED4ACC05F}
		{89242825-5AC5-44BE-9E27-A2642545FF34} = {CBB8DEC5-185B-42FC-B26D-831ED4ACC05F}
		{017ED924-7301-4FE4-BDA9-454FA442C9A6} = {CBB8DEC5-185B-42FC-B26D-831ED4ACC05F}
		{5018D306-4FAC-4726-9DCE-1E9A4148B997} = {CBB8DEC5-185B-42FC-B26D-831ED4ACC05F}
		{3EC04BA9-B453-4212-BC69-6C35F7F87BDA} = {CBB8DEC5-185B-42FC-B26D-831ED4ACC05F}
		{2694E2D9-52DD-4823-BB8C-83BDDE178210} = {CBB8DEC5-185B-42FC-B26D-831ED4ACC05F}
		{DD3D7536-D07F-447B-A057-7F5A8A60DF2C} = {CBB8DEC5-185B-42FC-B26D-831ED4ACC05F}
		{065E78F1-AC38-4BF8-A2AD-1EA77C3C2A26} = {CBB8DEC5-185B-42FC-B26D-831ED4ACC05F}
		{4CBBB3C7-561C-4FBA-B48B-50895CFF39C5} = {CBB8DEC5-185B-42FC-B26D-831ED4ACC05F}
		{F588FDFC-F35B-48E8-84A1-E19F0D6EA3D6} = {CBB8DEC5-185B-42FC-B26D-831ED4ACC05F}
		{14A42065-D5F6-4945-BF40-8E2047531DF5} = {CBB8DEC5-185B-42FC-B26D-831ED4ACC05F}
		{76F5513F-AF10-4775-BCEA-749A14127476} = {CBB8DEC5-185B-42FC-B26D-831ED4ACC05F}
		{132AFC58-88D6-4160-AEC7-FE6FD650D992} = {CBB8DEC5-185B-42FC-B26D-831ED4ACC05F}
		{F1B4185B-528A-461A-B91E-09ACD0B48A25} = {CBB8DEC5-185B-42FC-B26D-831ED4ACC05F}
		{68DD7671-DC48-4D5A-9E9D-8F1F47156286} = {CBB8DEC5-185B-42FC-B26D-831ED4ACC05F}
		{CAF063BD-C00D-4291-B123-7D7FFA04AB30} = {CBB8DEC5-185B-42FC-B26D-831ED4ACC05F}
		{93CF34BF-A13D-4ABE-8BA6-06E155CB1F7F} = {CBB8DEC5-185B-42FC-B26D-831ED4ACC05F}
		{F74E65B9-92C1-4808-ABB6-520E7BCF3893} = {CBB8DEC5-185B-42FC-B26D-831ED4ACC05F}
		{A3A34181-7136-44C2-86D2-702EB0572F07} = {CBB8DEC5-185B-42FC-B26D-831ED4ACC05F}
		{15F95748-4740-4C87-8B14-90CC7FBBC172} = {CBB8DEC5-185B-42FC-B26D-831ED4ACC05F}
		{5F3FBBB9-7168-4B24-B3EE-CF5680F8F072} = {CBB8DEC5-185B-42FC-B26D-831ED4ACC05F}
		{1C5D638A-FEBC-4CE9-9AA0-855B1497E792} = {CBB8DEC5-185B-42FC-B26D-831ED4ACC05F}
		{36AC73E8-90CD-4E0B-ABF1-657CA84ACD50} = {CBB8DEC5-185B-42FC-B26D-831ED4ACC05F}
		{956148F9-6A75-48B5-BFF4-721E26878B78} = {CBB8DEC5-185B-42FC-B26D-831ED4ACC05F}
	EndGlobalSection
EndGlobal
